// !$*UTF8*$!
{
	archiveVersion = 1;
	classes = {
	};
	objectVersion = 50;
	objects = {

/* Begin PBXBuildFile section */
		6D8EDA8B211D302E0092C55B /* Assets.xcassets in Resources */ = {isa = PBXBuildFile; fileRef = 6D8EDA8A211D302E0092C55B /* Assets.xcassets */; };
		6D8EDA9C211D306C0092C55B /* main.m in Sources */ = {isa = PBXBuildFile; fileRef = 6D8EDA99211D306C0092C55B /* main.m */; };
		6D8EDA9D211D306C0092C55B /* AppDelegate.m in Sources */ = {isa = PBXBuildFile; fileRef = 6D8EDA9A211D306C0092C55B /* AppDelegate.m */; };
		6D8EDA9E211D306C0092C55B /* Info.plist in Resources */ = {isa = PBXBuildFile; fileRef = 6D8EDA9B211D306C0092C55B /* Info.plist */; };
		6D8EDAA6211D31EC0092C55B /* KSMainViewController.m in Sources */ = {isa = PBXBuildFile; fileRef = 6D8EDAA5211D31EC0092C55B /* KSMainViewController.m */; };
		6D8EDAA9211D328D0092C55B /* KSMainView.m in Sources */ = {isa = PBXBuildFile; fileRef = 6D8EDAA8211D328D0092C55B /* KSMainView.m */; };
		6D8EDAAD211D37370092C55B /* KSSegmentedControl.m in Sources */ = {isa = PBXBuildFile; fileRef = 6D8EDAAC211D37370092C55B /* KSSegmentedControl.m */; };
/* End PBXBuildFile section */

/* Begin PBXFileReference section */
		6D8EDA7E211D302D0092C55B /* KSSegmentedControl.app */ = {isa = PBXFileReference; explicitFileType = wrapper.application; includeInIndex = 0; path = KSSegmentedControl.app; sourceTree = BUILT_PRODUCTS_DIR; };
		6D8EDA8A211D302E0092C55B /* Assets.xcassets */ = {isa = PBXFileReference; lastKnownFileType = folder.assetcatalog; path = Assets.xcassets; sourceTree = "<group>"; };
		6D8EDA98211D306C0092C55B /* AppDelegate.h */ = {isa = PBXFileReference; fileEncoding = 4; lastKnownFileType = sourcecode.c.h; path = AppDelegate.h; sourceTree = "<group>"; };
		6D8EDA99211D306C0092C55B /* main.m */ = {isa = PBXFileReference; fileEncoding = 4; lastKnownFileType = sourcecode.c.objc; path = main.m; sourceTree = "<group>"; };
		6D8EDA9A211D306C0092C55B /* AppDelegate.m */ = {isa = PBXFileReference; fileEncoding = 4; lastKnownFileType = sourcecode.c.objc; path = AppDelegate.m; sourceTree = "<group>"; };
		6D8EDA9B211D306C0092C55B /* Info.plist */ = {isa = PBXFileReference; fileEncoding = 4; lastKnownFileType = text.plist.xml; path = Info.plist; sourceTree = "<group>"; };
		6D8EDAA4211D31EC0092C55B /* KSMainViewController.h */ = {isa = PBXFileReference; lastKnownFileType = sourcecode.c.h; path = KSMainViewController.h; sourceTree = "<group>"; };
		6D8EDAA5211D31EC0092C55B /* KSMainViewController.m */ = {isa = PBXFileReference; lastKnownFileType = sourcecode.c.objc; path = KSMainViewController.m; sourceTree = "<group>"; };
		6D8EDAA7211D328D0092C55B /* KSMainView.h */ = {isa = PBXFileReference; lastKnownFileType = sourcecode.c.h; path = KSMainView.h; sourceTree = "<group>"; };
		6D8EDAA8211D328D0092C55B /* KSMainView.m */ = {isa = PBXFileReference; lastKnownFileType = sourcecode.c.objc; path = KSMainView.m; sourceTree = "<group>"; };
		6D8EDAAA211D33730092C55B /* PrefixHeader.pch */ = {isa = PBXFileReference; lastKnownFileType = sourcecode.c.h; path = PrefixHeader.pch; sourceTree = "<group>"; };
		6D8EDAAB211D37370092C55B /* KSSegmentedControl.h */ = {isa = PBXFileReference; lastKnownFileType = sourcecode.c.h; path = KSSegmentedControl.h; sourceTree = "<group>"; };
		6D8EDAAC211D37370092C55B /* KSSegmentedControl.m */ = {isa = PBXFileReference; lastKnownFileType = sourcecode.c.objc; path = KSSegmentedControl.m; sourceTree = "<group>"; };
/* End PBXFileReference section */

/* Begin PBXFrameworksBuildPhase section */
		6D8EDA7B211D302D0092C55B /* Frameworks */ = {
			isa = PBXFrameworksBuildPhase;
			buildActionMask = 2147483647;
			files = (
			);
			runOnlyForDeploymentPostprocessing = 0;
		};
/* End PBXFrameworksBuildPhase section */

/* Begin PBXGroup section */
		6D8EDA75211D302D0092C55B = {
			isa = PBXGroup;
			children = (
				6D8EDA80211D302D0092C55B /* KSSegmentedControl */,
				6D8EDA7F211D302D0092C55B /* Products */,
			);
			sourceTree = "<group>";
		};
		6D8EDA7F211D302D0092C55B /* Products */ = {
			isa = PBXGroup;
			children = (
				6D8EDA7E211D302D0092C55B /* KSSegmentedControl.app */,
			);
			name = Products;
			sourceTree = "<group>";
		};
		6D8EDA80211D302D0092C55B /* KSSegmentedControl */ = {
			isa = PBXGroup;
			children = (
				6D8EDA9F211D31D70092C55B /* KSSegmentedControl */,
				6D8EDAA0211D31D70092C55B /* Main */,
				6D8EDA97211D306C0092C55B /* Others */,
			);
			path = KSSegmentedControl;
			sourceTree = "<group>";
		};
		6D8EDA97211D306C0092C55B /* Others */ = {
			isa = PBXGroup;
			children = (
				6D8EDA98211D306C0092C55B /* AppDelegate.h */,
				6D8EDA9A211D306C0092C55B /* AppDelegate.m */,
				6D8EDA8A211D302E0092C55B /* Assets.xcassets */,
				6D8EDA9B211D306C0092C55B /* Info.plist */,
				6D8EDA99211D306C0092C55B /* main.m */,
				6D8EDAAA211D33730092C55B /* PrefixHeader.pch */,
			);
			path = Others;
			sourceTree = "<group>";
		};
		6D8EDA9F211D31D70092C55B /* KSSegmentedControl */ = {
			isa = PBXGroup;
			children = (
				6D8EDAAB211D37370092C55B /* KSSegmentedControl.h */,
				6D8EDAAC211D37370092C55B /* KSSegmentedControl.m */,
			);
			path = KSSegmentedControl;
			sourceTree = "<group>";
		};
		6D8EDAA0211D31D70092C55B /* Main */ = {
			isa = PBXGroup;
			children = (
				6D8EDAA1211D31D70092C55B /* Controller */,
				6D8EDAA2211D31D70092C55B /* Model */,
				6D8EDAA3211D31D70092C55B /* View */,
			);
			path = Main;
			sourceTree = "<group>";
		};
		6D8EDAA1211D31D70092C55B /* Controller */ = {
			isa = PBXGroup;
			children = (
				6D8EDAA4211D31EC0092C55B /* KSMainViewController.h */,
				6D8EDAA5211D31EC0092C55B /* KSMainViewController.m */,
			);
			path = Controller;
			sourceTree = "<group>";
		};
		6D8EDAA2211D31D70092C55B /* Model */ = {
			isa = PBXGroup;
			children = (
			);
			path = Model;
			sourceTree = "<group>";
		};
		6D8EDAA3211D31D70092C55B /* View */ = {
			isa = PBXGroup;
			children = (
				6D8EDAA7211D328D0092C55B /* KSMainView.h */,
				6D8EDAA8211D328D0092C55B /* KSMainView.m */,
			);
			path = View;
			sourceTree = "<group>";
		};
/* End PBXGroup section */

/* Begin PBXNativeTarget section */
		6D8EDA7D211D302D0092C55B /* KSSegmentedControl */ = {
			isa = PBXNativeTarget;
			buildConfigurationList = 6D8EDA94211D302E0092C55B /* Build configuration list for PBXNativeTarget "KSSegmentedControl" */;
			buildPhases = (
				6D8EDA7A211D302D0092C55B /* Sources */,
				6D8EDA7B211D302D0092C55B /* Frameworks */,
				6D8EDA7C211D302D0092C55B /* Resources */,
			);
			buildRules = (
			);
			dependencies = (
			);
			name = KSSegmentedControl;
			productName = KSSegmentedControl;
			productReference = 6D8EDA7E211D302D0092C55B /* KSSegmentedControl.app */;
			productType = "com.apple.product-type.application";
		};
/* End PBXNativeTarget section */

/* Begin PBXProject section */
		6D8EDA76211D302D0092C55B /* Project object */ = {
			isa = PBXProject;
			attributes = {
				LastUpgradeCheck = 0940;
				ORGANIZATIONNAME = kinsun;
				TargetAttributes = {
					6D8EDA7D211D302D0092C55B = {
						CreatedOnToolsVersion = 9.4.1;
					};
				};
			};
			buildConfigurationList = 6D8EDA79211D302D0092C55B /* Build configuration list for PBXProject "KSSegmentedControl" */;
			compatibilityVersion = "Xcode 9.3";
			developmentRegion = en;
			hasScannedForEncodings = 0;
			knownRegions = (
				en,
				Base,
			);
			mainGroup = 6D8EDA75211D302D0092C55B;
			productRefGroup = 6D8EDA7F211D302D0092C55B /* Products */;
			projectDirPath = "";
			projectRoot = "";
			targets = (
				6D8EDA7D211D302D0092C55B /* KSSegmentedControl */,
			);
		};
/* End PBXProject section */

/* Begin PBXResourcesBuildPhase section */
		6D8EDA7C211D302D0092C55B /* Resources */ = {
			isa = PBXResourcesBuildPhase;
			buildActionMask = 2147483647;
			files = (
				6D8EDA8B211D302E0092C55B /* Assets.xcassets in Resources */,
				6D8EDA9E211D306C0092C55B /* Info.plist in Resources */,
			);
			runOnlyForDeploymentPostprocessing = 0;
		};
/* End PBXResourcesBuildPhase section */

/* Begin PBXSourcesBuildPhase section */
		6D8EDA7A211D302D0092C55B /* Sources */ = {
			isa = PBXSourcesBuildPhase;
			buildActionMask = 2147483647;
			files = (
				6D8EDA9D211D306C0092C55B /* AppDelegate.m in Sources */,
				6D8EDAAD211D37370092C55B /* KSSegmentedControl.m in Sources */,
				6D8EDAA9211D328D0092C55B /* KSMainView.m in Sources */,
				6D8EDA9C211D306C0092C55B /* main.m in Sources */,
				6D8EDAA6211D31EC0092C55B /* KSMainViewController.m in Sources */,
			);
			runOnlyForDeploymentPostprocessing = 0;
		};
/* End PBXSourcesBuildPhase section */

/* Begin XCBuildConfiguration section */
		6D8EDA92211D302E0092C55B /* Debug */ = {
			isa = XCBuildConfiguration;
			buildSettings = {
				ALWAYS_SEARCH_USER_PATHS = NO;
				CLANG_ANALYZER_NONNULL = YES;
				CLANG_ANALYZER_NUMBER_OBJECT_CONVERSION = YES_AGGRESSIVE;
				CLANG_CXX_LANGUAGE_STANDARD = "gnu++14";
				CLANG_CXX_LIBRARY = "libc++";
				CLANG_ENABLE_MODULES = YES;
				CLANG_ENABLE_OBJC_ARC = YES;
				CLANG_ENABLE_OBJC_WEAK = YES;
				CLANG_WARN_BLOCK_CAPTURE_AUTORELEASING = YES;
				CLANG_WARN_BOOL_CONVERSION = YES;
				CLANG_WARN_COMMA = YES;
				CLANG_WARN_CONSTANT_CONVERSION = YES;
				CLANG_WARN_DEPRECATED_OBJC_IMPLEMENTATIONS = YES;
				CLANG_WARN_DIRECT_OBJC_ISA_USAGE = YES_ERROR;
				CLANG_WARN_DOCUMENTATION_COMMENTS = YES;
				CLANG_WARN_EMPTY_BODY = YES;
				CLANG_WARN_ENUM_CONVERSION = YES;
				CLANG_WARN_INFINITE_RECURSION = YES;
				CLANG_WARN_INT_CONVERSION = YES;
				CLANG_WARN_NON_LITERAL_NULL_CONVERSION = YES;
				CLANG_WARN_OBJC_IMPLICIT_RETAIN_SELF = YES;
				CLANG_WARN_OBJC_LITERAL_CONVERSION = YES;
				CLANG_WARN_OBJC_ROOT_CLASS = YES_ERROR;
				CLANG_WARN_RANGE_LOOP_ANALYSIS = YES;
				CLANG_WARN_STRICT_PROTOTYPES = YES;
				CLANG_WARN_SUSPICIOUS_MOVE = YES;
				CLANG_WARN_UNGUARDED_AVAILABILITY = YES_AGGRESSIVE;
				CLANG_WARN_UNREACHABLE_CODE = YES;
				CLANG_WARN__DUPLICATE_METHOD_MATCH = YES;
				CODE_SIGN_IDENTITY = "iPhone Developer";
				COPY_PHASE_STRIP = NO;
				DEBUG_INFORMATION_FORMAT = dwarf;
				ENABLE_STRICT_OBJC_MSGSEND = YES;
				ENABLE_TESTABILITY = YES;
				GCC_C_LANGUAGE_STANDARD = gnu11;
				GCC_DYNAMIC_NO_PIC = NO;
				GCC_NO_COMMON_BLOCKS = YES;
				GCC_OPTIMIZATION_LEVEL = 0;
				GCC_PREPROCESSOR_DEFINITIONS = (
					"DEBUG=1",
					"$(inherited)",
				);
				GCC_WARN_64_TO_32_BIT_CONVERSION = YES;
				GCC_WARN_ABOUT_RETURN_TYPE = YES_ERROR;
				GCC_WARN_UNDECLARED_SELECTOR = YES;
				GCC_WARN_UNINITIALIZED_AUTOS = YES_AGGRESSIVE;
				GCC_WARN_UNUSED_FUNCTION = YES;
				GCC_WARN_UNUSED_VARIABLE = YES;
				IPHONEOS_DEPLOYMENT_TARGET = 11.4;
				MTL_ENABLE_DEBUG_INFO = YES;
				ONLY_ACTIVE_ARCH = YES;
				SDKROOT = iphoneos;
			};
			name = Debug;
		};
		6D8EDA93211D302E0092C55B /* Release */ = {
			isa = XCBuildConfiguration;
			buildSettings = {
				ALWAYS_SEARCH_USER_PATHS = NO;
				CLANG_ANALYZER_NONNULL = YES;
				CLANG_ANALYZER_NUMBER_OBJECT_CONVERSION = YES_AGGRESSIVE;
				CLANG_CXX_LANGUAGE_STANDARD = "gnu++14";
				CLANG_CXX_LIBRARY = "libc++";
				CLANG_ENABLE_MODULES = YES;
				CLANG_ENABLE_OBJC_ARC = YES;
				CLANG_ENABLE_OBJC_WEAK = YES;
				CLANG_WARN_BLOCK_CAPTURE_AUTORELEASING = YES;
				CLANG_WARN_BOOL_CONVERSION = YES;
				CLANG_WARN_COMMA = YES;
				CLANG_WARN_CONSTANT_CONVERSION = YES;
				CLANG_WARN_DEPRECATED_OBJC_IMPLEMENTATIONS = YES;
				CLANG_WARN_DIRECT_OBJC_ISA_USAGE = YES_ERROR;
				CLANG_WARN_DOCUMENTATION_COMMENTS = YES;
				CLANG_WARN_EMPTY_BODY = YES;
				CLANG_WARN_ENUM_CONVERSION = YES;
				CLANG_WARN_INFINITE_RECURSION = YES;
				CLANG_WARN_INT_CONVERSION = YES;
				CLANG_WARN_NON_LITERAL_NULL_CONVERSION = YES;
				CLANG_WARN_OBJC_IMPLICIT_RETAIN_SELF = YES;
				CLANG_WARN_OBJC_LITERAL_CONVERSION = YES;
				CLANG_WARN_OBJC_ROOT_CLASS = YES_ERROR;
				CLANG_WARN_RANGE_LOOP_ANALYSIS = YES;
				CLANG_WARN_STRICT_PROTOTYPES = YES;
				CLANG_WARN_SUSPICIOUS_MOVE = YES;
				CLANG_WARN_UNGUARDED_AVAILABILITY = YES_AGGRESSIVE;
				CLANG_WARN_UNREACHABLE_CODE = YES;
				CLANG_WARN__DUPLICATE_METHOD_MATCH = YES;
				CODE_SIGN_IDENTITY = "iPhone Developer";
				COPY_PHASE_STRIP = NO;
				DEBUG_INFORMATION_FORMAT = "dwarf-with-dsym";
				ENABLE_NS_ASSERTIONS = NO;
				ENABLE_STRICT_OBJC_MSGSEND = YES;
				GCC_C_LANGUAGE_STANDARD = gnu11;
				GCC_NO_COMMON_BLOCKS = YES;
				GCC_WARN_64_TO_32_BIT_CONVERSION = YES;
				GCC_WARN_ABOUT_RETURN_TYPE = YES_ERROR;
				GCC_WARN_UNDECLARED_SELECTOR = YES;
				GCC_WARN_UNINITIALIZED_AUTOS = YES_AGGRESSIVE;
				GCC_WARN_UNUSED_FUNCTION = YES;
				GCC_WARN_UNUSED_VARIABLE = YES;
				IPHONEOS_DEPLOYMENT_TARGET = 11.4;
				MTL_ENABLE_DEBUG_INFO = NO;
				SDKROOT = iphoneos;
				VALIDATE_PRODUCT = YES;
			};
			name = Release;
		};
		6D8EDA95211D302E0092C55B /* Debug */ = {
			isa = XCBuildConfiguration;
			buildSettings = {
				ASSETCATALOG_COMPILER_APPICON_NAME = AppIcon;
				ASSETCATALOG_COMPILER_LAUNCHIMAGE_NAME = LaunchImage;
				CODE_SIGN_STYLE = Automatic;
				DEVELOPMENT_TEAM = 83A69SJBUG;
				GCC_PRECOMPILE_PREFIX_HEADER = YES;
				GCC_PREFIX_HEADER = KSSegmentedControl/Others/PrefixHeader.pch;
				INFOPLIST_FILE = "$(SRCROOT)/KSSegmentedControl/Others/Info.plist";
				IPHONEOS_DEPLOYMENT_TARGET = 8.0;
				LD_RUNPATH_SEARCH_PATHS = (
					"$(inherited)",
					"@executable_path/Frameworks",
				);
				PRODUCT_BUNDLE_IDENTIFIER = com.kinsun.KSSegmentedControl;
				PRODUCT_NAME = "$(TARGET_NAME)";
				TARGETED_DEVICE_FAMILY = 1;
			};
			name = Debug;
		};
		6D8EDA96211D302E0092C55B /* Release */ = {
			isa = XCBuildConfiguration;
			buildSettings = {
				ASSETCATALOG_COMPILER_APPICON_NAME = AppIcon;
				ASSETCATALOG_COMPILER_LAUNCHIMAGE_NAME = LaunchImage;
				CODE_SIGN_STYLE = Automatic;
				DEVELOPMENT_TEAM = 83A69SJBUG;
				GCC_PRECOMPILE_PREFIX_HEADER = YES;
				GCC_PREFIX_HEADER = KSSegmentedControl/Others/PrefixHeader.pch;
				INFOPLIST_FILE = "$(SRCROOT)/KSSegmentedControl/Others/Info.plist";
				IPHONEOS_DEPLOYMENT_TARGET = 8.0;
				LD_RUNPATH_SEARCH_PATHS = (
					"$(inherited)",
					"@executable_path/Frameworks",
				);
				PRODUCT_BUNDLE_IDENTIFIER = com.kinsun.KSSegmentedControl;
				PRODUCT_NAME = "$(TARGET_NAME)";
				TARGETED_DEVICE_FAMILY = 1;
			};
			name = Release;
		};
/* End XCBuildConfiguration section */

/* Begin XCConfigurationList section */
		6D8EDA79211D302D0092C55B /* Build configuration list for PBXProject "KSSegmentedControl" */ = {
			isa = XCConfigurationList;
			buildConfigurations = (
				6D8EDA92211D302E0092C55B /* Debug */,
				6D8EDA93211D302E0092C55B /* Release */,
			);
			defaultConfigurationIsVisible = 0;
			defaultConfigurationName = Release;
		};
		6D8EDA94211D302E0092C55B /* Build configuration list for PBXNativeTarget "KSSegmentedControl" */ = {
			isa = XCConfigurationList;
			buildConfigurations = (
				6D8EDA95211D302E0092C55B /* Debug */,
				6D8EDA96211D302E0092C55B /* Release */,
			);
			defaultConfigurationIsVisible = 0;
			defaultConfigurationName = Release;
		};
/* End XCConfigurationList section */
	};
	rootObject = 6D8EDA76211D302D0092C55B /* Project object */;
}
